
Microsoft Visual Studio Solution File, Format Version 12.00
# Visual Studio Version 16
VisualStudioVersion = 16.0.29519.87
MinimumVisualStudioVersion = 10.0.40219.1
Project("{9A19103F-16F7-4668-BE54-9A1E7A4F7556}") = "PasswordGenerator", "PasswordGenerator\PasswordGenerator.csproj", "{A62CE70E-2BAD-4BD9-932C-D2A3A2C2756E}"
EndProject
Project("{FAE04EC0-301F-11D3-BF4B-00C04F79EFBC}") = "View", "View\View.csproj", "{EA46C4D2-BB3B-43A3-9B09-AFD5FF8FEF67}"
	ProjectSection(ProjectDependencies) = postProject
		{A62CE70E-2BAD-4BD9-932C-D2A3A2C2756E} = {A62CE70E-2BAD-4BD9-932C-D2A3A2C2756E}
	EndProjectSection
EndProject
Global
	GlobalSection(SolutionConfigurationPlatforms) = preSolution
		Debug|Any CPU = Debug|Any CPU
		Release|Any CPU = Release|Any CPU
	EndGlobalSection
	GlobalSection(ProjectConfigurationPlatforms) = postSolution
		{A62CE70E-2BAD-4BD9-932C-D2A3A2C2756E}.Debug|Any CPU.ActiveCfg = Debug|Any CPU
		{A62CE70E-2BAD-4BD9-932C-D2A3A2C2756E}.Debug|Any CPU.Build.0 = Debug|Any CPU
		{A62CE70E-2BAD-4BD9-932C-D2A3A2C2756E}.Release|Any CPU.ActiveCfg = Release|Any CPU
		{A62CE70E-2BAD-4BD9-932C-D2A3A2C2756E}.Release|Any CPU.Build.0 = Release|Any CPU
		{EA46C4D2-BB3B-43A3-9B09-AFD5FF8FEF67}.Debug|Any CPU.ActiveCfg = Debug|Any CPU
		{EA46C4D2-BB3B-43A3-9B09-AFD5FF8FEF67}.Debug|Any CPU.Build.0 = Debug|Any CPU
		{EA46C4D2-BB3B-43A3-9B09-AFD5FF8FEF67}.Release|Any CPU.ActiveCfg = Release|Any CPU
		{EA46C4D2-BB3B-43A3-9B09-AFD5FF8FEF67}.Release|Any CPU.Build.0 = Release|Any CPU
	EndGlobalSection
	GlobalSection(SolutionProperties) = preSolution
		HideSolutionNode = FALSE
	EndGlobalSection
	GlobalSection(ExtensibilityGlobals) = postSolution
		SolutionGuid = {E37541FC-6066-4884-91C1-2D52D06C885E}
	EndGlobalSection
EndGlobal
